
Microsoft Visual Studio Solution File, Format Version 12.00
# Visual Studio Version 17
VisualStudioVersion = 17.8.34309.116
MinimumVisualStudioVersion = 10.0.40219.1
Project("{FAE04EC0-301F-11D3-BF4B-00C04F79EFBC}") = "FileAPI", "FileAPI\FileAPI.csproj", "{059348A8-0AA1-42F5-8DB2-1D999408F486}"
EndProject
Global
	GlobalSection(SolutionConfigurationPlatforms) = preSolution
		Debug|Any CPU = Debug|Any CPU
		Release|Any CPU = Release|Any CPU
	EndGlobalSection
	GlobalSection(ProjectConfigurationPlatforms) = postSolution
		{059348A8-0AA1-42F5-8DB2-1D999408F486}.Debug|Any CPU.ActiveCfg = Debug|Any CPU
		{059348A8-0AA1-42F5-8DB2-1D999408F486}.Debug|Any CPU.Build.0 = Debug|Any CPU
		{059348A8-0AA1-42F5-8DB2-1D999408F486}.Release|Any CPU.ActiveCfg = Release|Any CPU
		{059348A8-0AA1-42F5-8DB2-1D999408F486}.Release|Any CPU.Build.0 = Release|Any CPU
	EndGlobalSection
	GlobalSection(SolutionProperties) = preSolution
		HideSolutionNode = FALSE
	EndGlobalSection
	GlobalSection(ExtensibilityGlobals) = postSolution
		SolutionGuid = {06EEE4D0-AAD3-49E3-9FBC-607B6ED3C56D}
	EndGlobalSection
EndGlobal
